
Microsoft Visual Studio Solution File, Format Version 12.00
# Visual Studio Version 17
VisualStudioVersion = 17.0.32002.185
MinimumVisualStudioVersion = 10.0.40219.1
Project("{FAE04EC0-301F-11D3-BF4B-00C04F79EFBC}") = "SudoItApiPlugin-Example", "SudoItApiPlugin-Example\SudoItApiPlugin-Example.csproj", "{09BC823A-CF22-4062-B55E-AB5E6343326D}"
EndProject
Global
	GlobalSection(SolutionConfigurationPlatforms) = preSolution
		Debug|Any CPU = Debug|Any CPU
		Release|Any CPU = Release|Any CPU
	EndGlobalSection
	GlobalSection(ProjectConfigurationPlatforms) = postSolution
		{09BC823A-CF22-4062-B55E-AB5E6343326D}.Debug|Any CPU.ActiveCfg = Debug|Any CPU
		{09BC823A-CF22-4062-B55E-AB5E6343326D}.Debug|Any CPU.Build.0 = Debug|Any CPU
		{09BC823A-CF22-4062-B55E-AB5E6343326D}.Release|Any CPU.ActiveCfg = Release|Any CPU
		{09BC823A-CF22-4062-B55E-AB5E6343326D}.Release|Any CPU.Build.0 = Release|Any CPU
	EndGlobalSection
	GlobalSection(SolutionProperties) = preSolution
		HideSolutionNode = FALSE
	EndGlobalSection
	GlobalSection(ExtensibilityGlobals) = postSolution
		SolutionGuid = {572CC010-8B35-4190-BB7B-1A7C03E57465}
	EndGlobalSection
EndGlobal
